
Microsoft Visual Studio Solution File, Format Version 12.00
# Visual Studio Version 17
VisualStudioVersion = 17.4.33205.214
MinimumVisualStudioVersion = 10.0.40219.1
Project("{FAE04EC0-301F-11D3-BF4B-00C04F79EFBC}") = "AsyncTaskAwait", "AsyncTaskAwait\AsyncTaskAwait.csproj", "{5D6E0187-DA65-4D04-BC83-1AB57BB77940}"
EndProject
Global
	GlobalSection(SolutionConfigurationPlatforms) = preSolution
		Debug|Any CPU = Debug|Any CPU
		Release|Any CPU = Release|Any CPU
	EndGlobalSection
	GlobalSection(ProjectConfigurationPlatforms) = postSolution
		{5D6E0187-DA65-4D04-BC83-1AB57BB77940}.Debug|Any CPU.ActiveCfg = Debug|Any CPU
		{5D6E0187-DA65-4D04-BC83-1AB57BB77940}.Debug|Any CPU.Build.0 = Debug|Any CPU
		{5D6E0187-DA65-4D04-BC83-1AB57BB77940}.Release|Any CPU.ActiveCfg = Release|Any CPU
		{5D6E0187-DA65-4D04-BC83-1AB57BB77940}.Release|Any CPU.Build.0 = Release|Any CPU
	EndGlobalSection
	GlobalSection(SolutionProperties) = preSolution
		HideSolutionNode = FALSE
	EndGlobalSection
	GlobalSection(ExtensibilityGlobals) = postSolution
		SolutionGuid = {D0FB3C0D-0818-461F-9488-2C42B19EA34D}
	EndGlobalSection
EndGlobal
